PODS:
  - CircleProgressView (1.2.0)
  - Crisp (2.4.5):
    - Crisp/Crisp (= 2.4.5)
  - Crisp/Crisp (2.4.5)
  - NextLevel (0.18.0)
  - Player (0.14.0)

DEPENDENCIES:
  - CircleProgressView (~> 1.0)
  - Crisp
  - NextLevel
  - Player

SPEC REPOS:
  trunk:
    - CircleProgressView
    - Crisp
    - NextLevel
    - Player

SPEC CHECKSUMS:
  CircleProgressView: 6b5b091d59dc5e5d2fda84e637a40498cdc39937
  Crisp: 64ad3a599e20dbc8cd570e44ccd9aa904f65ddcb
  NextLevel: ad582ac2d9c757fe285f9b53ede1f593c50a22e8
  Player: 37e0acc16ea1495fc241df88fe9f089367513331

PODFILE CHECKSUM: ff50e61dd2809b51a0f694147a0b3b652f8c1569

COCOAPODS: 1.14.3
