PODS:
  - CircleProgressView (1.2.0)
  - Crisp (2.4.5):
    - Crisp/Crisp (= 2.4.5)
  - Crisp/Crisp (2.4.5)
  - NextLevel (0.18.0)

DEPENDENCIES:
  - CircleProgressView (~> 1.0)
  - Crisp
  - NextLevel

SPEC REPOS:
  trunk:
    - CircleProgressView
    - Crisp
    - NextLevel

SPEC CHECKSUMS:
  CircleProgressView: 6b5b091d59dc5e5d2fda84e637a40498cdc39937
  Crisp: 64ad3a599e20dbc8cd570e44ccd9aa904f65ddcb
  NextLevel: ad582ac2d9c757fe285f9b53ede1f593c50a22e8

PODFILE CHECKSUM: eadcbbca7743f3fb586bbd4d3e5294302c6d7c50

COCOAPODS: 1.14.3
